#
# NOTE: THIS FILE IS GENERATED VIA "update.sh"
#
# PLEASE DO NOT EDIT IT DIRECTLY.
#

certifi==2026.7.22
charset-normalizer==3.5.1
click==8.5.0
idna==3.20
packaging==26.3
patroni==4.1.5
prettytable==3.18.0
psutil==7.2.2
psycopg==3.3.5
psycopg-binary==3.3.5
py-consul==1.7.1
python-dateutil==2.9.0.post0
PyYAML==6.0.3
requests==2.34.2
six==1.17.0
urllib3==2.8.0
wcwidth==0.8.3
ydiff==1.4.2
